
Microsoft Visual Studio Solution File, Format Version 12.00
# Visual Studio Version 17
VisualStudioVersion = 17.9.34607.119
MinimumVisualStudioVersion = 10.0.40219.1
Project("{FAE04EC0-301F-11D3-BF4B-00C04F79EFBC}") = "19_04_2024", "19_04_2024\19_04_2024.csproj", "{19B670FA-E474-4E2C-AEDC-09544B1D9238}"
EndProject
Global
	GlobalSection(SolutionConfigurationPlatforms) = preSolution
		Debug|Any CPU = Debug|Any CPU
		Release|Any CPU = Release|Any CPU
	EndGlobalSection
	GlobalSection(ProjectConfigurationPlatforms) = postSolution
		{19B670FA-E474-4E2C-AEDC-09544B1D9238}.Debug|Any CPU.ActiveCfg = Debug|Any CPU
		{19B670FA-E474-4E2C-AEDC-09544B1D9238}.Debug|Any CPU.Build.0 = Debug|Any CPU
		{19B670FA-E474-4E2C-AEDC-09544B1D9238}.Release|Any CPU.ActiveCfg = Release|Any CPU
		{19B670FA-E474-4E2C-AEDC-09544B1D9238}.Release|Any CPU.Build.0 = Release|Any CPU
	EndGlobalSection
	GlobalSection(SolutionProperties) = preSolution
		HideSolutionNode = FALSE
	EndGlobalSection
	GlobalSection(ExtensibilityGlobals) = postSolution
		SolutionGuid = {B0D84047-9BC6-44CF-99E1-EE200F841A8F}
	EndGlobalSection
EndGlobal
